
Microsoft Visual Studio Solution File, Format Version 12.00
# Visual Studio Version 16
VisualStudioVersion = 16.0.30413.136
MinimumVisualStudioVersion = 10.0.40219.1
Project("{FAE04EC0-301F-11D3-BF4B-00C04F79EFBC}") = "IntegralCalculation", "IntegralCalculation\IntegralCalculation.csproj", "{BF0C9813-311F-44BD-9800-0E3300F1D6E2}"
EndProject
Global
	GlobalSection(SolutionConfigurationPlatforms) = preSolution
		Debug|Any CPU = Debug|Any CPU
		Release|Any CPU = Release|Any CPU
	EndGlobalSection
	GlobalSection(ProjectConfigurationPlatforms) = postSolution
		{BF0C9813-311F-44BD-9800-0E3300F1D6E2}.Debug|Any CPU.ActiveCfg = Debug|Any CPU
		{BF0C9813-311F-44BD-9800-0E3300F1D6E2}.Debug|Any CPU.Build.0 = Debug|Any CPU
		{BF0C9813-311F-44BD-9800-0E3300F1D6E2}.Release|Any CPU.ActiveCfg = Release|Any CPU
		{BF0C9813-311F-44BD-9800-0E3300F1D6E2}.Release|Any CPU.Build.0 = Release|Any CPU
	EndGlobalSection
	GlobalSection(SolutionProperties) = preSolution
		HideSolutionNode = FALSE
	EndGlobalSection
	GlobalSection(ExtensibilityGlobals) = postSolution
		SolutionGuid = {0BC8B935-9508-4098-B459-95AA7846E959}
	EndGlobalSection
EndGlobal
